
Microsoft Visual Studio Solution File, Format Version 12.00
Project("{FAE04EC0-301F-11D3-BF4B-00C04F79EFBC}") = "Main.API", "Main.API\Main.API.csproj", "{5F62B508-9FD3-4B56-A488-06457CABD810}"
EndProject
Project("{FAE04EC0-301F-11D3-BF4B-00C04F79EFBC}") = "Realtime.API", "Realtime.API\Realtime.API.csproj", "{DC5EAFCC-C2BD-4AA5-A01E-5800C3577778}"
EndProject
Project("{FAE04EC0-301F-11D3-BF4B-00C04F79EFBC}") = "Auth.API", "Auth.API\Auth.API.csproj", "{50C1B606-976B-487C-BCEE-CBA050C9B58D}"
EndProject
Project("{FAE04EC0-301F-11D3-BF4B-00C04F79EFBC}") = "Main.BL", "Main.BL\Main.BL.csproj", "{FD806D58-5220-4A4F-86B9-C4054980A04B}"
EndProject
Project("{FAE04EC0-301F-11D3-BF4B-00C04F79EFBC}") = "Auth.BL", "Auth.BL\Auth.BL.csproj", "{E31A76F2-0A56-4BC4-8F03-9B034B59E769}"
EndProject
Project("{FAE04EC0-301F-11D3-BF4B-00C04F79EFBC}") = "Realtime.BL", "Realtime.BL\Realtime.BL.csproj", "{AC326C6F-8EB1-421E-A543-CD7CB0DC6DE4}"
EndProject
Project("{FAE04EC0-301F-11D3-BF4B-00C04F79EFBC}") = "Auth.DB", "Auth.DB\Auth.DB.csproj", "{9FB7601E-EB3F-4609-997A-1DB95FB7AF22}"
EndProject
Project("{FAE04EC0-301F-11D3-BF4B-00C04F79EFBC}") = "Main.DB", "Main.DB\Main.DB.csproj", "{AD809878-B018-4A10-AD74-6E5245C73773}"
EndProject
Project("{FAE04EC0-301F-11D3-BF4B-00C04F79EFBC}") = "Realtime.DB", "Realtime.DB\Realtime.DB.csproj", "{270130A4-E621-4C5D-A6C9-E64D826652A4}"
EndProject
Project("{FAE04EC0-301F-11D3-BF4B-00C04F79EFBC}") = "Auth.Main.BR", "Auth.Main.BR\Auth.Main.BR.csproj", "{80F4DD87-0224-49F5-8CBC-03752D309387}"
EndProject
Project("{FAE04EC0-301F-11D3-BF4B-00C04F79EFBC}") = "Main.Auth.BR", "Main.Auth.BR\Main.Auth.BR.csproj", "{5D7D6075-7D12-417D-9106-8038FA594CDE}"
EndProject
Project("{FAE04EC0-301F-11D3-BF4B-00C04F79EFBC}") = "Main.Realtime.BR", "Main.Realtime.BR\Main.Realtime.BR.csproj", "{6BE7270B-DA43-43D4-B5CA-C1DB1B1CE624}"
EndProject
Project("{FAE04EC0-301F-11D3-BF4B-00C04F79EFBC}") = "Realtime.Main.BR", "Realtime.Main.BR\Realtime.Main.BR.csproj", "{5246567B-B46E-48B7-9F6D-49D96FF77BAE}"
EndProject
Project("{FAE04EC0-301F-11D3-BF4B-00C04F79EFBC}") = "Shared.Main.Auth", "Shared.Main.Auth\Shared.Main.Auth.csproj", "{DA6A5539-F0A5-490E-9B79-EB21E3EFE2E0}"
EndProject
Project("{FAE04EC0-301F-11D3-BF4B-00C04F79EFBC}") = "Shared.Main.Realtime", "Shared.Main.Realtime\Shared.Main.Realtime.csproj", "{F7208B18-9D32-4F25-9B40-D61E15BB34D4}"
EndProject
Global
	GlobalSection(SolutionConfigurationPlatforms) = preSolution
		Debug|Any CPU = Debug|Any CPU
		Release|Any CPU = Release|Any CPU
	EndGlobalSection
	GlobalSection(ProjectConfigurationPlatforms) = postSolution
		{5F62B508-9FD3-4B56-A488-06457CABD810}.Debug|Any CPU.ActiveCfg = Debug|Any CPU
		{5F62B508-9FD3-4B56-A488-06457CABD810}.Debug|Any CPU.Build.0 = Debug|Any CPU
		{5F62B508-9FD3-4B56-A488-06457CABD810}.Release|Any CPU.ActiveCfg = Release|Any CPU
		{5F62B508-9FD3-4B56-A488-06457CABD810}.Release|Any CPU.Build.0 = Release|Any CPU
		{DC5EAFCC-C2BD-4AA5-A01E-5800C3577778}.Debug|Any CPU.ActiveCfg = Debug|Any CPU
		{DC5EAFCC-C2BD-4AA5-A01E-5800C3577778}.Debug|Any CPU.Build.0 = Debug|Any CPU
		{DC5EAFCC-C2BD-4AA5-A01E-5800C3577778}.Release|Any CPU.ActiveCfg = Release|Any CPU
		{DC5EAFCC-C2BD-4AA5-A01E-5800C3577778}.Release|Any CPU.Build.0 = Release|Any CPU
		{50C1B606-976B-487C-BCEE-CBA050C9B58D}.Debug|Any CPU.ActiveCfg = Debug|Any CPU
		{50C1B606-976B-487C-BCEE-CBA050C9B58D}.Debug|Any CPU.Build.0 = Debug|Any CPU
		{50C1B606-976B-487C-BCEE-CBA050C9B58D}.Release|Any CPU.ActiveCfg = Release|Any CPU
		{50C1B606-976B-487C-BCEE-CBA050C9B58D}.Release|Any CPU.Build.0 = Release|Any CPU
		{FD806D58-5220-4A4F-86B9-C4054980A04B}.Debug|Any CPU.ActiveCfg = Debug|Any CPU
		{FD806D58-5220-4A4F-86B9-C4054980A04B}.Debug|Any CPU.Build.0 = Debug|Any CPU
		{FD806D58-5220-4A4F-86B9-C4054980A04B}.Release|Any CPU.ActiveCfg = Release|Any CPU
		{FD806D58-5220-4A4F-86B9-C4054980A04B}.Release|Any CPU.Build.0 = Release|Any CPU
		{E31A76F2-0A56-4BC4-8F03-9B034B59E769}.Debug|Any CPU.ActiveCfg = Debug|Any CPU
		{E31A76F2-0A56-4BC4-8F03-9B034B59E769}.Debug|Any CPU.Build.0 = Debug|Any CPU
		{E31A76F2-0A56-4BC4-8F03-9B034B59E769}.Release|Any CPU.ActiveCfg = Release|Any CPU
		{E31A76F2-0A56-4BC4-8F03-9B034B59E769}.Release|Any CPU.Build.0 = Release|Any CPU
		{AC326C6F-8EB1-421E-A543-CD7CB0DC6DE4}.Debug|Any CPU.ActiveCfg = Debug|Any CPU
		{AC326C6F-8EB1-421E-A543-CD7CB0DC6DE4}.Debug|Any CPU.Build.0 = Debug|Any CPU
		{AC326C6F-8EB1-421E-A543-CD7CB0DC6DE4}.Release|Any CPU.ActiveCfg = Release|Any CPU
		{AC326C6F-8EB1-421E-A543-CD7CB0DC6DE4}.Release|Any CPU.Build.0 = Release|Any CPU
		{9FB7601E-EB3F-4609-997A-1DB95FB7AF22}.Debug|Any CPU.ActiveCfg = Debug|Any CPU
		{9FB7601E-EB3F-4609-997A-1DB95FB7AF22}.Debug|Any CPU.Build.0 = Debug|Any CPU
		{9FB7601E-EB3F-4609-997A-1DB95FB7AF22}.Release|Any CPU.ActiveCfg = Release|Any CPU
		{9FB7601E-EB3F-4609-997A-1DB95FB7AF22}.Release|Any CPU.Build.0 = Release|Any CPU
		{AD809878-B018-4A10-AD74-6E5245C73773}.Debug|Any CPU.ActiveCfg = Debug|Any CPU
		{AD809878-B018-4A10-AD74-6E5245C73773}.Debug|Any CPU.Build.0 = Debug|Any CPU
		{AD809878-B018-4A10-AD74-6E5245C73773}.Release|Any CPU.ActiveCfg = Release|Any CPU
		{AD809878-B018-4A10-AD74-6E5245C73773}.Release|Any CPU.Build.0 = Release|Any CPU
		{270130A4-E621-4C5D-A6C9-E64D826652A4}.Debug|Any CPU.ActiveCfg = Debug|Any CPU
		{270130A4-E621-4C5D-A6C9-E64D826652A4}.Debug|Any CPU.Build.0 = Debug|Any CPU
		{270130A4-E621-4C5D-A6C9-E64D826652A4}.Release|Any CPU.ActiveCfg = Release|Any CPU
		{270130A4-E621-4C5D-A6C9-E64D826652A4}.Release|Any CPU.Build.0 = Release|Any CPU
		{80F4DD87-0224-49F5-8CBC-03752D309387}.Debug|Any CPU.ActiveCfg = Debug|Any CPU
		{80F4DD87-0224-49F5-8CBC-03752D309387}.Debug|Any CPU.Build.0 = Debug|Any CPU
		{80F4DD87-0224-49F5-8CBC-03752D309387}.Release|Any CPU.ActiveCfg = Release|Any CPU
		{80F4DD87-0224-49F5-8CBC-03752D309387}.Release|Any CPU.Build.0 = Release|Any CPU
		{5D7D6075-7D12-417D-9106-8038FA594CDE}.Debug|Any CPU.ActiveCfg = Debug|Any CPU
		{5D7D6075-7D12-417D-9106-8038FA594CDE}.Debug|Any CPU.Build.0 = Debug|Any CPU
		{5D7D6075-7D12-417D-9106-8038FA594CDE}.Release|Any CPU.ActiveCfg = Release|Any CPU
		{5D7D6075-7D12-417D-9106-8038FA594CDE}.Release|Any CPU.Build.0 = Release|Any CPU
		{6BE7270B-DA43-43D4-B5CA-C1DB1B1CE624}.Debug|Any CPU.ActiveCfg = Debug|Any CPU
		{6BE7270B-DA43-43D4-B5CA-C1DB1B1CE624}.Debug|Any CPU.Build.0 = Debug|Any CPU
		{6BE7270B-DA43-43D4-B5CA-C1DB1B1CE624}.Release|Any CPU.ActiveCfg = Release|Any CPU
		{6BE7270B-DA43-43D4-B5CA-C1DB1B1CE624}.Release|Any CPU.Build.0 = Release|Any CPU
		{5246567B-B46E-48B7-9F6D-49D96FF77BAE}.Debug|Any CPU.ActiveCfg = Debug|Any CPU
		{5246567B-B46E-48B7-9F6D-49D96FF77BAE}.Debug|Any CPU.Build.0 = Debug|Any CPU
		{5246567B-B46E-48B7-9F6D-49D96FF77BAE}.Release|Any CPU.ActiveCfg = Release|Any CPU
		{5246567B-B46E-48B7-9F6D-49D96FF77BAE}.Release|Any CPU.Build.0 = Release|Any CPU
		{DA6A5539-F0A5-490E-9B79-EB21E3EFE2E0}.Debug|Any CPU.ActiveCfg = Debug|Any CPU
		{DA6A5539-F0A5-490E-9B79-EB21E3EFE2E0}.Debug|Any CPU.Build.0 = Debug|Any CPU
		{DA6A5539-F0A5-490E-9B79-EB21E3EFE2E0}.Release|Any CPU.ActiveCfg = Release|Any CPU
		{DA6A5539-F0A5-490E-9B79-EB21E3EFE2E0}.Release|Any CPU.Build.0 = Release|Any CPU
		{F7208B18-9D32-4F25-9B40-D61E15BB34D4}.Debug|Any CPU.ActiveCfg = Debug|Any CPU
		{F7208B18-9D32-4F25-9B40-D61E15BB34D4}.Debug|Any CPU.Build.0 = Debug|Any CPU
		{F7208B18-9D32-4F25-9B40-D61E15BB34D4}.Release|Any CPU.ActiveCfg = Release|Any CPU
		{F7208B18-9D32-4F25-9B40-D61E15BB34D4}.Release|Any CPU.Build.0 = Release|Any CPU
	EndGlobalSection
EndGlobal
